
Microsoft Visual Studio Solution File, Format Version 12.00
# Visual Studio Version 17
VisualStudioVersion = 17.0.32126.317
MinimumVisualStudioVersion = 10.0.40219.1
Project("{FAE04EC0-301F-11D3-BF4B-00C04F79EFBC}") = "itog1", "itog1\itog1.csproj", "{14319EA1-CC46-45A2-8D9D-F48CF3DEFC3B}"
EndProject
Global
	GlobalSection(SolutionConfigurationPlatforms) = preSolution
		Debug|Any CPU = Debug|Any CPU
		Release|Any CPU = Release|Any CPU
	EndGlobalSection
	GlobalSection(ProjectConfigurationPlatforms) = postSolution
		{14319EA1-CC46-45A2-8D9D-F48CF3DEFC3B}.Debug|Any CPU.ActiveCfg = Debug|Any CPU
		{14319EA1-CC46-45A2-8D9D-F48CF3DEFC3B}.Debug|Any CPU.Build.0 = Debug|Any CPU
		{14319EA1-CC46-45A2-8D9D-F48CF3DEFC3B}.Release|Any CPU.ActiveCfg = Release|Any CPU
		{14319EA1-CC46-45A2-8D9D-F48CF3DEFC3B}.Release|Any CPU.Build.0 = Release|Any CPU
	EndGlobalSection
	GlobalSection(SolutionProperties) = preSolution
		HideSolutionNode = FALSE
	EndGlobalSection
	GlobalSection(ExtensibilityGlobals) = postSolution
		SolutionGuid = {81AB1D2A-7505-4AEC-BBF0-7BA2AC7945EF}
	EndGlobalSection
EndGlobal
